
Microsoft Visual Studio Solution File, Format Version 12.00
# Visual Studio 15
VisualStudioVersion = 15.0.27130.2027
MinimumVisualStudioVersion = 10.0.40219.1
Project("{8BC9CEB8-8B4A-11D0-8D11-00A0C91BC942}") = "Priority queue", "Priority queue\Priority queue.vcxproj", "{D96BBDAB-D3A5-4FE0-8E17-9DBDD4905C0A}"
EndProject
Global
	GlobalSection(SolutionConfigurationPlatforms) = preSolution
		Debug|x64 = Debug|x64
		Debug|x86 = Debug|x86
		Release|x64 = Release|x64
		Release|x86 = Release|x86
	EndGlobalSection
	GlobalSection(ProjectConfigurationPlatforms) = postSolution
		{D96BBDAB-D3A5-4FE0-8E17-9DBDD4905C0A}.Debug|x64.ActiveCfg = Debug|x64
		{D96BBDAB-D3A5-4FE0-8E17-9DBDD4905C0A}.Debug|x64.Build.0 = Debug|x64
		{D96BBDAB-D3A5-4FE0-8E17-9DBDD4905C0A}.Debug|x86.ActiveCfg = Debug|Win32
		{D96BBDAB-D3A5-4FE0-8E17-9DBDD4905C0A}.Debug|x86.Build.0 = Debug|Win32
		{D96BBDAB-D3A5-4FE0-8E17-9DBDD4905C0A}.Release|x64.ActiveCfg = Release|x64
		{D96BBDAB-D3A5-4FE0-8E17-9DBDD4905C0A}.Release|x64.Build.0 = Release|x64
		{D96BBDAB-D3A5-4FE0-8E17-9DBDD4905C0A}.Release|x86.ActiveCfg = Release|Win32
		{D96BBDAB-D3A5-4FE0-8E17-9DBDD4905C0A}.Release|x86.Build.0 = Release|Win32
	EndGlobalSection
	GlobalSection(SolutionProperties) = preSolution
		HideSolutionNode = FALSE
	EndGlobalSection
	GlobalSection(ExtensibilityGlobals) = postSolution
		SolutionGuid = {D427A795-A0F3-4BB6-B559-D2750E3BA0C8}
	EndGlobalSection
EndGlobal
