
Microsoft Visual Studio Solution File, Format Version 12.00
# Visual Studio 15
VisualStudioVersion = 15.0.27130.2027
MinimumVisualStudioVersion = 10.0.40219.1
Project("{8BC9CEB8-8B4A-11D0-8D11-00A0C91BC942}") = "vector", "vector\vector.vcxproj", "{4434D6CE-167F-4F83-B8B1-3CC4C0D005DE}"
EndProject
Global
	GlobalSection(SolutionConfigurationPlatforms) = preSolution
		Debug|x64 = Debug|x64
		Debug|x86 = Debug|x86
		Release|x64 = Release|x64
		Release|x86 = Release|x86
	EndGlobalSection
	GlobalSection(ProjectConfigurationPlatforms) = postSolution
		{4434D6CE-167F-4F83-B8B1-3CC4C0D005DE}.Debug|x64.ActiveCfg = Debug|x64
		{4434D6CE-167F-4F83-B8B1-3CC4C0D005DE}.Debug|x64.Build.0 = Debug|x64
		{4434D6CE-167F-4F83-B8B1-3CC4C0D005DE}.Debug|x86.ActiveCfg = Debug|Win32
		{4434D6CE-167F-4F83-B8B1-3CC4C0D005DE}.Debug|x86.Build.0 = Debug|Win32
		{4434D6CE-167F-4F83-B8B1-3CC4C0D005DE}.Release|x64.ActiveCfg = Release|x64
		{4434D6CE-167F-4F83-B8B1-3CC4C0D005DE}.Release|x64.Build.0 = Release|x64
		{4434D6CE-167F-4F83-B8B1-3CC4C0D005DE}.Release|x86.ActiveCfg = Release|Win32
		{4434D6CE-167F-4F83-B8B1-3CC4C0D005DE}.Release|x86.Build.0 = Release|Win32
	EndGlobalSection
	GlobalSection(SolutionProperties) = preSolution
		HideSolutionNode = FALSE
	EndGlobalSection
	GlobalSection(ExtensibilityGlobals) = postSolution
		SolutionGuid = {257B095A-4F67-43F6-8906-491D3A7F738D}
	EndGlobalSection
EndGlobal
